lockfileVersion: '9.0'

settings:
  autoInstallPeers: true
  excludeLinksFromLockfile: false

importers:
  .:
    dependencies:
      '@supabase/supabase-js':
        specifier: ^2.95.3
        version: 2.95.3
      dotenv:
        specifier: ^17.3.1
        version: 17.3.1
      langchain:
        specifier: 0.0.167
        version: 0.0.167(@supabase/supabase-js@2.95.3)
      openai:
        specifier: ^6.22.0
        version: 6.22.0(ws@8.19.0)(zod@3.25.76)

packages:
  '@anthropic-ai/sdk@0.6.8':
    resolution:
      {
        integrity: sha512-z4gDFrBf+W2wOVvwA3CA+5bfKOxQhPeXQo7+ITWj3r3XPulIMEasVT0KrD41G+anr5Yc3d2PKvXKB6b1LSon5w==,
      }

  '@supabase/auth-js@2.95.3':
    resolution:
      {
        integrity: sha512-vD2YoS8E2iKIX0F7EwXTmqhUpaNsmbU6X2R0/NdFcs02oEfnHyNP/3M716f3wVJ2E5XHGiTFXki6lRckhJ0Thg==,
      }
    engines: { node: '>=20.0.0' }

  '@supabase/functions-js@2.95.3':
    resolution:
      {
        integrity: sha512-uTuOAKzs9R/IovW1krO0ZbUHSJnsnyJElTXIRhjJTqymIVGcHzkAYnBCJqd7468Fs/Foz1BQ7Dv6DCl05lr7ig==,
      }
    engines: { node: '>=20.0.0' }

  '@supabase/postgrest-js@2.95.3':
    resolution:
      {
        integrity: sha512-LTrRBqU1gOovxRm1vRXPItSMPBmEFqrfTqdPTRtzOILV4jPSueFz6pES5hpb4LRlkFwCPRmv3nQJ5N625V2Xrg==,
      }
    engines: { node: '>=20.0.0' }

  '@supabase/realtime-js@2.95.3':
    resolution:
      {
        integrity: sha512-D7EAtfU3w6BEUxDACjowWNJo/ZRo7sDIuhuOGKHIm9FHieGeoJV5R6GKTLtga/5l/6fDr2u+WcW/m8I9SYmaIw==,
      }
    engines: { node: '>=20.0.0' }

  '@supabase/storage-js@2.95.3':
    resolution:
      {
        integrity: sha512-4GxkJiXI3HHWjxpC3sDx1BVrV87O0hfX+wvJdqGv67KeCu+g44SPnII8y0LL/Wr677jB7tpjAxKdtVWf+xhc9A==,
      }
    engines: { node: '>=20.0.0' }

  '@supabase/supabase-js@2.95.3':
    resolution:
      {
        integrity: sha512-Fukw1cUTQ6xdLiHDJhKKPu6svEPaCEDvThqCne3OaQyZvuq2qjhJAd91kJu3PXLG18aooCgYBaB6qQz35hhABg==,
      }
    engines: { node: '>=20.0.0' }

  '@types/node-fetch@2.6.13':
    resolution:
      {
        integrity: sha512-QGpRVpzSaUs30JBSGPjOg4Uveu384erbHBoT1zeONvyCfwQxIkUshLAOqN/k9EjGviPRmWTTe6aH2qySWKTVSw==,
      }

  '@types/node@18.19.130':
    resolution:
      {
        integrity: sha512-GRaXQx6jGfL8sKfaIDD6OupbIHBr9jv7Jnaml9tB7l4v068PAOXqfcujMMo5PhbIs6ggR1XODELqahT2R8v0fg==,
      }

  '@types/node@25.2.3':
    resolution:
      {
        integrity: sha512-m0jEgYlYz+mDJZ2+F4v8D1AyQb+QzsNqRuI7xg1VQX/KlKS0qT9r1Mo16yo5F/MtifXFgaofIFsdFMox2SxIbQ==,
      }

  '@types/phoenix@1.6.7':
    resolution:
      {
        integrity: sha512-oN9ive//QSBkf19rfDv45M7eZPi0eEXylht2OLEXicu5b4KoQ1OzXIw+xDSGWxSxe1JmepRR/ZH283vsu518/Q==,
      }

  '@types/retry@0.12.0':
    resolution:
      {
        integrity: sha512-wWKOClTTiizcZhXnPY4wikVAwmdYHp8q6DmC+EJUzAMsycb7HB32Kh9RN4+0gExjmPmZSAQjgURXIGATPegAvA==,
      }

  '@types/uuid@9.0.8':
    resolution:
      {
        integrity: sha512-jg+97EGIcY9AGHJJRaaPVgetKDsrTgbRjQ5Msgjh/DQKEFl0DtyRr/VCOyD1T2R1MNeWPK/u7JoGhlDZnKBAfA==,
      }

  '@types/ws@8.18.1':
    resolution:
      {
        integrity: sha512-ThVF6DCVhA8kUGy+aazFQ4kXQ7E1Ty7A3ypFOe0IcJV8O/M511G99AW24irKrW56Wt44yG9+ij8FaqoBGkuBXg==,
      }

  abort-controller@3.0.0:
    resolution:
      {
        integrity: sha512-h8lQ8tacZYnR3vNQTgibj+tODHI5/+l06Au2Pcriv/Gmet0eaj4TwWH41sO9wnHDiQsEj19q0drzdWdeAHtweg==,
      }
    engines: { node: '>=6.5' }

  agentkeepalive@4.6.0:
    resolution:
      {
        integrity: sha512-kja8j7PjmncONqaTsB8fQ+wE2mSU2DJ9D4XKoJ5PFWIdRMa6SLSN1ff4mOr4jCbfRSsxR4keIiySJU0N9T5hIQ==,
      }
    engines: { node: '>= 8.0.0' }

  ansi-styles@5.2.0:
    resolution:
      {
        integrity: sha512-Cxwpt2SfTzTtXcfOlzGEee8O+c+MmUgGrNiBcXnuWxuFJHe6a5Hz7qwhwe5OgaSYI0IJvkLqWX1ASG+cJOkEiA==,
      }
    engines: { node: '>=10' }

  argparse@2.0.1:
    resolution:
      {
        integrity: sha512-8+9WqebbFzpX9OR+Wa6O29asIogeRMzcGtAINdpMHHyAg10f05aSFVBbcEqGf/PXw1EjAZ+q2/bEBg3DvurK3Q==,
      }

  asynckit@0.4.0:
    resolution:
      {
        integrity: sha512-Oei9OH4tRh0YqU3GxhX79dM/mwVgvbZJaSNaRk+bshkj0S5cfHcgYakreBjrHwatXKbz+IoIdYLxrKim2MjW0Q==,
      }

  base-64@0.1.0:
    resolution:
      {
        integrity: sha512-Y5gU45svrR5tI2Vt/X9GPd3L0HNIKzGu202EjxrXMpuc2V2CiKgemAbUUsqYmZJvPtCXoUKjNZwBJzsNScUbXA==,
      }

  base64-js@1.5.1:
    resolution:
      {
        integrity: sha512-AKpaYlHn8t4SVbOHCy+b5+KKgvR4vrsD8vbvrbiQJps7fKDTkjkDry6ji0rUJjC0kzbNePLwzxq8iypo41qeWA==,
      }

  binary-extensions@2.3.0:
    resolution:
      {
        integrity: sha512-Ceh+7ox5qe7LJuLHoY0feh3pHuUDHAcRUeyL2VYghZwfpkNIy/+8Ocg0a3UuSoYzavmylwuLWQOf3hl0jjMMIw==,
      }
    engines: { node: '>=8' }

  binary-search@1.3.6:
    resolution:
      {
        integrity: sha512-nbE1WxOTTrUWIfsfZ4aHGYu5DOuNkbxGokjV6Z2kxfJK3uaAb8zNK1muzOeipoLHZjInT4Br88BHpzevc681xA==,
      }

  call-bind-apply-helpers@1.0.2:
    resolution:
      {
        integrity: sha512-Sp1ablJ0ivDkSzjcaJdxEunN5/XvksFJ2sMBFfq6x0ryhQV/2b/KwFe21cMpmHtPOSij8K99/wSfoEuTObmuMQ==,
      }
    engines: { node: '>= 0.4' }

  camelcase@6.3.0:
    resolution:
      {
        integrity: sha512-Gmy6FhYlCY7uOElZUSbxo2UCDH8owEk996gkbrpsgGtrJLM3J7jGxl9Ic7Qwwj4ivOE5AWZWRMecDdF7hqGjFA==,
      }
    engines: { node: '>=10' }

  charenc@0.0.2:
    resolution:
      {
        integrity: sha512-yrLQ/yVUFXkzg7EDQsPieE/53+0RlaWTs+wBrvW36cyilJ2SaDWfl4Yj7MtLTXleV9uEKefbAGUPv2/iWSooRA==,
      }

  combined-stream@1.0.8:
    resolution:
      {
        integrity: sha512-FQN4MRfuJeHf7cBbBMJFXhKSDq+2kAArBlmRBvcvFE5BB1HZKXtSFASDhdlz9zOYwxh8lDdnvmMOe/+5cdoEdg==,
      }
    engines: { node: '>= 0.8' }

  commander@10.0.1:
    resolution:
      {
        integrity: sha512-y4Mg2tXshplEbSGzx7amzPwKKOCGuoSRP/CjEdwwk0FOGlUbq6lKuoyDZTNZkmxHdJtp54hdfY/JUrdL7Xfdug==,
      }
    engines: { node: '>=14' }

  crypt@0.0.2:
    resolution:
      {
        integrity: sha512-mCxBlsHFYh9C+HVpiEacem8FEBnMXgU9gy4zmNC+SXAZNB/1idgp/aulFJ4FgCi7GPEVbfyng092GqL2k2rmow==,
      }

  decamelize@1.2.0:
    resolution:
      {
        integrity: sha512-z2S+W9X73hAUUki+N+9Za2lBlun89zigOyGrsax+KUQ6wKW4ZoWpEYBkGhQjwAjjDCkWxhY0VKEhk8wzY7F5cA==,
      }
    engines: { node: '>=0.10.0' }

  delayed-stream@1.0.0:
    resolution:
      {
        integrity: sha512-ZySD7Nf91aLB0RxL4KGrKHBXl7Eds1DAmEdcoVawXnLD7SDhpNgtuII2aAkg7a7QS41jxPSZ17p4VdGnMHk3MQ==,
      }
    engines: { node: '>=0.4.0' }

  digest-fetch@1.3.0:
    resolution:
      {
        integrity: sha512-CGJuv6iKNM7QyZlM2T3sPAdZWd/p9zQiRNS9G+9COUCwzWFTs0Xp8NF5iePx7wtvhDykReiRRrSeNb4oMmB8lA==,
      }

  dotenv@17.3.1:
    resolution:
      {
        integrity: sha512-IO8C/dzEb6O3F9/twg6ZLXz164a2fhTnEWb95H23Dm4OuN+92NmEAlTrupP9VW6Jm3sO26tQlqyvyi4CsnY9GA==,
      }
    engines: { node: '>=12' }

  dunder-proto@1.0.1:
    resolution:
      {
        integrity: sha512-KIN/nDJBQRcXw0MLVhZE9iQHmG68qAVIBg9CqmUYjmQIhgij9U5MFvrqkUL5FbtyyzZuOeOt0zdeRe4UY7ct+A==,
      }
    engines: { node: '>= 0.4' }

  es-define-property@1.0.1:
    resolution:
      {
        integrity: sha512-e3nRfgfUZ4rNGL232gUgX06QNyyez04KdjFrF+LTRoOXmrOgFKDg4BCdsjW8EnT69eqdYGmRpJwiPVYNrCaW3g==,
      }
    engines: { node: '>= 0.4' }

  es-errors@1.3.0:
    resolution:
      {
        integrity: sha512-Zf5H2Kxt2xjTvbJvP2ZWLEICxA6j+hAmMzIlypy4xcBg1vKVnx89Wy0GbS+kf5cwCVFFzdCFh2XSCFNULS6csw==,
      }
    engines: { node: '>= 0.4' }

  es-object-atoms@1.1.1:
    resolution:
      {
        integrity: sha512-FGgH2h8zKNim9ljj7dankFPcICIK9Cp5bm+c2gQSYePhpaG5+esrLODihIorn+Pe6FGJzWhXQotPv73jTaldXA==,
      }
    engines: { node: '>= 0.4' }

  es-set-tostringtag@2.1.0:
    resolution:
      {
        integrity: sha512-j6vWzfrGVfyXxge+O0x5sh6cvxAog0a/4Rdd2K36zCMV5eJ+/+tOAngRO8cODMNWbVRdVlmGZQL2YS3yR8bIUA==,
      }
    engines: { node: '>= 0.4' }

  event-target-shim@5.0.1:
    resolution:
      {
        integrity: sha512-i/2XbnSz/uxRCU6+NdVJgKWDTM427+MqYbkQzD321DuCQJUqOuJKIA0IM2+W2xtYHdKOmZ4dR6fExsd4SXL+WQ==,
      }
    engines: { node: '>=6' }

  eventemitter3@4.0.7:
    resolution:
      {
        integrity: sha512-8guHBZCwKnFhYdHr2ysuRWErTwhoN2X8XELRlrRwpmfeY2jjuUN4taQMsULKUVo1K4DvZl+0pgfyoysHxvmvEw==,
      }

  expr-eval@2.0.2:
    resolution:
      {
        integrity: sha512-4EMSHGOPSwAfBiibw3ndnP0AvjDWLsMvGOvWEZ2F96IGk0bIVdjQisOHxReSkE13mHcfbuCiXw+G4y0zv6N8Eg==,
      }

  flat@5.0.2:
    resolution:
      {
        integrity: sha512-b6suED+5/3rTpUBdG1gupIl8MPFCAMA0QXwmljLhvCUKcUvdE4gWky9zpuGCcXHOsz4J9wPGNWq6OKpmIzz3hQ==,
      }
    hasBin: true

  form-data-encoder@1.7.2:
    resolution:
      {
        integrity: sha512-qfqtYan3rxrnCk1VYaA4H+Ms9xdpPqvLZa6xmMgFvhO32x7/3J/ExcTd6qpxM0vH2GdMI+poehyBZvqfMTto8A==,
      }

  form-data@4.0.5:
    resolution:
      {
        integrity: sha512-8RipRLol37bNs2bhoV67fiTEvdTrbMUYcFTiy3+wuuOnUog2QBHCZWXDRijWQfAkhBj2Uf5UnVaiWwA5vdd82w==,
      }
    engines: { node: '>= 6' }

  formdata-node@4.4.1:
    resolution:
      {
        integrity: sha512-0iirZp3uVDjVGt9p49aTaqjk84TrglENEDuqfdlZQ1roC9CWlPk6Avf8EEnZNcAqPonwkG35x4n3ww/1THYAeQ==,
      }
    engines: { node: '>= 12.20' }

  function-bind@1.1.2:
    resolution:
      {
        integrity: sha512-7XHNxH7qX9xG5mIwxkhumTox/MIRNcOgDrxWsMt2pAr23WHp6MrRlN7FBSFpCpr+oVO0F744iUgR82nJMfG2SA==,
      }

  get-intrinsic@1.3.0:
    resolution:
      {
        integrity: sha512-9fSjSaos/fRIVIp+xSJlE6lfwhES7LNtKaCBIamHsjr2na1BiABJPo0mOjjz8GJDURarmCPGqaiVg5mfjb98CQ==,
      }
    engines: { node: '>= 0.4' }

  get-proto@1.0.1:
    resolution:
      {
        integrity: sha512-sTSfBjoXBp89JvIKIefqw7U2CCebsc74kiY6awiGogKtoSGbgjYE/G/+l9sF3MWFPNc9IcoOC4ODfKHfxFmp0g==,
      }
    engines: { node: '>= 0.4' }

  gopd@1.2.0:
    resolution:
      {
        integrity: sha512-ZUKRh6/kUFoAiTAtTYPZJ3hw9wNxx+BIBOijnlG9PnrJsCcSjs1wyyD6vJpaYtgnzDrKYRSqf3OO6Rfa93xsRg==,
      }
    engines: { node: '>= 0.4' }

  has-symbols@1.1.0:
    resolution:
      {
        integrity: sha512-1cDNdwJ2Jaohmb3sg4OmKaMBwuC48sYni5HUw2DvsC8LjGTLK9h+eb1X6RyuOHe4hT0ULCW68iomhjUoKUqlPQ==,
      }
    engines: { node: '>= 0.4' }

  has-tostringtag@1.0.2:
    resolution:
      {
        integrity: sha512-NqADB8VjPFLM2V0VvHUewwwsw0ZWBaIdgo+ieHtK3hasLz4qeCRjYcqfB6AQrBggRKppKF8L52/VqdVsO47Dlw==,
      }
    engines: { node: '>= 0.4' }

  hasown@2.0.2:
    resolution:
      {
        integrity: sha512-0hJU9SCPvmMzIBdZFqNPXWa6dqh7WdH0cII9y+CyS8rG3nL48Bclra9HmKhVVUHyPWNH5Y7xDwAB7bfgSjkUMQ==,
      }
    engines: { node: '>= 0.4' }

  humanize-ms@1.2.1:
    resolution:
      {
        integrity: sha512-Fl70vYtsAFb/C06PTS9dZBo7ihau+Tu/DNCk/OyHhea07S+aeMWpFFkUaXRa8fI+ScZbEI8dfSxwY7gxZ9SAVQ==,
      }

  iceberg-js@0.8.1:
    resolution:
      {
        integrity: sha512-1dhVQZXhcHje7798IVM+xoo/1ZdVfzOMIc8/rgVSijRK38EDqOJoGula9N/8ZI5RD8QTxNQtK/Gozpr+qUqRRA==,
      }
    engines: { node: '>=20.0.0' }

  is-any-array@2.0.1:
    resolution:
      {
        integrity: sha512-UtilS7hLRu++wb/WBAw9bNuP1Eg04Ivn1vERJck8zJthEvXCBEBpGR/33u/xLKWEQf95803oalHrVDptcAvFdQ==,
      }

  is-buffer@1.1.6:
    resolution:
      {
        integrity: sha512-NcdALwpXkTm5Zvvbk7owOUSvVvBKDgKP5/ewfXEznmQFfs4ZRmanOeKBTjRVjka3QFoN6XJ+9F3USqfHqTaU5w==,
      }

  js-tiktoken@1.0.21:
    resolution:
      {
        integrity: sha512-biOj/6M5qdgx5TKjDnFT1ymSpM5tbd3ylwDtrQvFQSu0Z7bBYko2dF+W/aUkXUPuk6IVpRxk/3Q2sHOzGlS36g==,
      }

  js-yaml@4.1.1:
    resolution:
      {
        integrity: sha512-qQKT4zQxXl8lLwBtHMWwaTcGfFOZviOJet3Oy/xmGk2gZH677CJM9EvtfdSkgWcATZhj/55JZ0rmy3myCT5lsA==,
      }
    hasBin: true

  jsonpointer@5.0.1:
    resolution:
      {
        integrity: sha512-p/nXbhSEcu3pZRdkW1OfJhpsVtW1gd4Wa1fnQc9YLiTfAjn0312eMKimbdIQzuZl9aa9xUGaRlP9T/CJE/ditQ==,
      }
    engines: { node: '>=0.10.0' }

  langchain@0.0.167:
    resolution:
      {
        integrity: sha512-3unZvKe4HJ7kiP/G4zGivz3B1deHVhl5RqkBHAMlHbKGQ01ZukATUr9ITmbB28y3q+z1CwA5JRy+vgJv3qsETw==,
      }
    engines: { node: '>=18' }
    peerDependencies:
      '@aws-crypto/sha256-js': ^5.0.0
      '@aws-sdk/client-bedrock-runtime': ^3.422.0
      '@aws-sdk/client-dynamodb': ^3.310.0
      '@aws-sdk/client-kendra': ^3.352.0
      '@aws-sdk/client-lambda': ^3.310.0
      '@aws-sdk/client-s3': ^3.310.0
      '@aws-sdk/client-sagemaker-runtime': ^3.310.0
      '@aws-sdk/client-sfn': ^3.310.0
      '@aws-sdk/credential-provider-node': ^3.388.0
      '@azure/storage-blob': ^12.15.0
      '@clickhouse/client': ^0.0.14
      '@cloudflare/ai': ^1.0.12
      '@elastic/elasticsearch': ^8.4.0
      '@getmetal/metal-sdk': '*'
      '@getzep/zep-js': ^0.7.0
      '@gomomento/sdk': ^1.41.2
      '@gomomento/sdk-core': ^1.41.2
      '@gomomento/sdk-web': ^1.41.2
      '@google-ai/generativelanguage': ^0.2.1
      '@google-cloud/storage': ^6.10.1
      '@huggingface/inference': ^1.5.1
      '@mozilla/readability': '*'
      '@notionhq/client': ^2.2.10
      '@opensearch-project/opensearch': '*'
      '@pinecone-database/pinecone': ^1.1.0
      '@planetscale/database': ^1.8.0
      '@qdrant/js-client-rest': ^1.2.0
      '@raycast/api': ^1.55.2
      '@smithy/eventstream-codec': ^2.0.5
      '@smithy/protocol-http': ^3.0.6
      '@smithy/signature-v4': ^2.0.10
      '@smithy/util-utf8': ^2.0.0
      '@supabase/postgrest-js': ^1.1.1
      '@supabase/supabase-js': ^2.10.0
      '@tensorflow-models/universal-sentence-encoder': '*'
      '@tensorflow/tfjs-converter': '*'
      '@tensorflow/tfjs-core': '*'
      '@upstash/redis': ^1.20.6
      '@vercel/kv': ^0.2.3
      '@vercel/postgres': ^0.5.0
      '@writerai/writer-sdk': ^0.40.2
      '@xata.io/client': ^0.25.1
      '@xenova/transformers': ^2.5.4
      '@zilliz/milvus2-sdk-node': '>=2.2.7'
      apify-client: ^2.7.1
      axios: '*'
      cassandra-driver: ^4.6.4
      cheerio: ^1.0.0-rc.12
      chromadb: '*'
      cohere-ai: '>=6.0.0'
      d3-dsv: ^2.0.0
      epub2: ^3.0.1
      faiss-node: ^0.3.0
      fast-xml-parser: ^4.2.7
      firebase-admin: ^11.9.0
      google-auth-library: ^8.9.0
      googleapis: ^126.0.1
      hnswlib-node: ^1.4.2
      html-to-text: ^9.0.5
      ignore: ^5.2.0
      ioredis: ^5.3.2
      jsdom: '*'
      llmonitor: '*'
      lodash: ^4.17.21
      mammoth: '*'
      mongodb: ^5.2.0
      mysql2: ^3.3.3
      neo4j-driver: '*'
      node-llama-cpp: '*'
      notion-to-md: ^3.1.0
      pdf-parse: 1.1.1
      peggy: ^3.0.2
      pg: ^8.11.0
      pg-copy-streams: ^6.0.5
      pickleparser: ^0.1.0
      playwright: ^1.32.1
      portkey-ai: ^0.1.11
      puppeteer: ^19.7.2
      redis: ^4.6.4
      replicate: ^0.18.0
      sonix-speech-recognition: ^2.1.1
      srt-parser-2: ^1.2.2
      typeorm: ^0.3.12
      typesense: ^1.5.3
      usearch: ^1.1.1
      vectordb: ^0.1.4
      voy-search: 0.6.2
      weaviate-ts-client: ^1.4.0
      web-auth-library: ^1.0.3
      youtube-transcript: ^1.0.6
      youtubei.js: ^5.8.0
    peerDependenciesMeta:
      '@aws-crypto/sha256-js':
        optional: true
      '@aws-sdk/client-bedrock-runtime':
        optional: true
      '@aws-sdk/client-dynamodb':
        optional: true
      '@aws-sdk/client-kendra':
        optional: true
      '@aws-sdk/client-lambda':
        optional: true
      '@aws-sdk/client-s3':
        optional: true
      '@aws-sdk/client-sagemaker-runtime':
        optional: true
      '@aws-sdk/client-sfn':
        optional: true
      '@aws-sdk/credential-provider-node':
        optional: true
      '@azure/storage-blob':
        optional: true
      '@clickhouse/client':
        optional: true
      '@cloudflare/ai':
        optional: true
      '@elastic/elasticsearch':
        optional: true
      '@getmetal/metal-sdk':
        optional: true
      '@getzep/zep-js':
        optional: true
      '@gomomento/sdk':
        optional: true
      '@gomomento/sdk-core':
        optional: true
      '@gomomento/sdk-web':
        optional: true
      '@google-ai/generativelanguage':
        optional: true
      '@google-cloud/storage':
        optional: true
      '@huggingface/inference':
        optional: true
      '@mozilla/readability':
        optional: true
      '@notionhq/client':
        optional: true
      '@opensearch-project/opensearch':
        optional: true
      '@pinecone-database/pinecone':
        optional: true
      '@planetscale/database':
        optional: true
      '@qdrant/js-client-rest':
        optional: true
      '@raycast/api':
        optional: true
      '@smithy/eventstream-codec':
        optional: true
      '@smithy/protocol-http':
        optional: true
      '@smithy/signature-v4':
        optional: true
      '@smithy/util-utf8':
        optional: true
      '@supabase/postgrest-js':
        optional: true
      '@supabase/supabase-js':
        optional: true
      '@tensorflow-models/universal-sentence-encoder':
        optional: true
      '@tensorflow/tfjs-converter':
        optional: true
      '@tensorflow/tfjs-core':
        optional: true
      '@upstash/redis':
        optional: true
      '@vercel/kv':
        optional: true
      '@vercel/postgres':
        optional: true
      '@writerai/writer-sdk':
        optional: true
      '@xata.io/client':
        optional: true
      '@xenova/transformers':
        optional: true
      '@zilliz/milvus2-sdk-node':
        optional: true
      apify-client:
        optional: true
      axios:
        optional: true
      cassandra-driver:
        optional: true
      cheerio:
        optional: true
      chromadb:
        optional: true
      cohere-ai:
        optional: true
      d3-dsv:
        optional: true
      epub2:
        optional: true
      faiss-node:
        optional: true
      fast-xml-parser:
        optional: true
      firebase-admin:
        optional: true
      google-auth-library:
        optional: true
      googleapis:
        optional: true
      hnswlib-node:
        optional: true
      html-to-text:
        optional: true
      ignore:
        optional: true
      ioredis:
        optional: true
      jsdom:
        optional: true
      llmonitor:
        optional: true
      lodash:
        optional: true
      mammoth:
        optional: true
      mongodb:
        optional: true
      mysql2:
        optional: true
      neo4j-driver:
        optional: true
      node-llama-cpp:
        optional: true
      notion-to-md:
        optional: true
      pdf-parse:
        optional: true
      peggy:
        optional: true
      pg:
        optional: true
      pg-copy-streams:
        optional: true
      pickleparser:
        optional: true
      playwright:
        optional: true
      portkey-ai:
        optional: true
      puppeteer:
        optional: true
      redis:
        optional: true
      replicate:
        optional: true
      sonix-speech-recognition:
        optional: true
      srt-parser-2:
        optional: true
      typeorm:
        optional: true
      typesense:
        optional: true
      usearch:
        optional: true
      vectordb:
        optional: true
      voy-search:
        optional: true
      weaviate-ts-client:
        optional: true
      web-auth-library:
        optional: true
      youtube-transcript:
        optional: true
      youtubei.js:
        optional: true

  langchainhub@0.0.11:
    resolution:
      {
        integrity: sha512-WnKI4g9kU2bHQP136orXr2bcRdgz9iiTBpTN0jWt9IlScUKnJBoD0aa2HOzHURQKeQDnt2JwqVmQ6Depf5uDLQ==,
      }

  langsmith@0.0.70:
    resolution:
      {
        integrity: sha512-QFHrzo/efBowGPCxtObv7G40/OdwqQfGshavMbSJtHBgX+OMqnn4lCMqVeEwTdyue4lEcpwAsGNg5Vty91YIyw==,
      }
    hasBin: true

  math-intrinsics@1.1.0:
    resolution:
      {
        integrity: sha512-/IXtbwEk5HTPyEwyKX6hGkYXxM9nbj64B+ilVJnC/R6B0pH5G4V3b0pVbL7DBj4tkhBAppbQUlf6F6Xl9LHu1g==,
      }
    engines: { node: '>= 0.4' }

  md5@2.3.0:
    resolution:
      {
        integrity: sha512-T1GITYmFaKuO91vxyoQMFETst+O71VUPEU3ze5GNzDm0OWdP8v1ziTaAEPUr/3kLsY3Sftgz242A1SetQiDL7g==,
      }

  mime-db@1.52.0:
    resolution:
      {
        integrity: sha512-sPU4uV7dYlvtWJxwwxHD0PuihVNiE7TyAbQ5SWxDCB9mUYvOgroQOwYQQOKPJ8CIbE+1ETVlOoK1UC2nU3gYvg==,
      }
    engines: { node: '>= 0.6' }

  mime-types@2.1.35:
    resolution:
      {
        integrity: sha512-ZDY+bPm5zTTF+YpCrAU9nK0UgICYPT0QtT1NZWFv4s++TNkcgVaT0g6+4R2uI4MjQjzysHB1zxuWL50hzaeXiw==,
      }
    engines: { node: '>= 0.6' }

  ml-array-mean@1.1.6:
    resolution:
      {
        integrity: sha512-MIdf7Zc8HznwIisyiJGRH9tRigg3Yf4FldW8DxKxpCCv/g5CafTw0RRu51nojVEOXuCQC7DRVVu5c7XXO/5joQ==,
      }

  ml-array-sum@1.1.6:
    resolution:
      {
        integrity: sha512-29mAh2GwH7ZmiRnup4UyibQZB9+ZLyMShvt4cH4eTK+cL2oEMIZFnSyB3SS8MlsTh6q/w/yh48KmqLxmovN4Dw==,
      }

  ml-distance-euclidean@2.0.0:
    resolution:
      {
        integrity: sha512-yC9/2o8QF0A3m/0IXqCTXCzz2pNEzvmcE/9HFKOZGnTjatvBbsn4lWYJkxENkA4Ug2fnYl7PXQxnPi21sgMy/Q==,
      }

  ml-distance@4.0.1:
    resolution:
      {
        integrity: sha512-feZ5ziXs01zhyFUUUeZV5hwc0f5JW0Sh0ckU1koZe/wdVkJdGxcP06KNQuF0WBTj8FttQUzcvQcpcrOp/XrlEw==,
      }

  ml-tree-similarity@1.0.0:
    resolution:
      {
        integrity: sha512-XJUyYqjSuUQkNQHMscr6tcjldsOoAekxADTplt40QKfwW6nd++1wHWV9AArl0Zvw/TIHgNaZZNvr8QGvE8wLRg==,
      }

  ms@2.1.3:
    resolution:
      {
        integrity: sha512-6FlzubTLZG3J2a/NVCAleEhjzq5oxgHyaCU9yYXvcLsvoVaHJq/s5xXI6/XXP6tz7R9xAOtHnSO/tXtF3WRTlA==,
      }

  node-domexception@1.0.0:
    resolution:
      {
        integrity: sha512-/jKZoMpw0F8GRwl4/eLROPA3cfcXtLApP0QzLmUT/HuPCZWyB7IY9ZrMeKw2O/nFIqPQB3PVM9aYm0F312AXDQ==,
      }
    engines: { node: '>=10.5.0' }
    deprecated: Use your platform's native DOMException instead

  node-fetch@2.7.0:
    resolution:
      {
        integrity: sha512-c4FRfUm/dbcWZ7U+1Wq0AwCyFL+3nt2bEw05wfxSz+DWpWsitgmSgYmy2dQdWyKC1694ELPqMs/YzUSNozLt8A==,
      }
    engines: { node: 4.x || >=6.0.0 }
    peerDependencies:
      encoding: ^0.1.0
    peerDependenciesMeta:
      encoding:
        optional: true

  num-sort@2.1.0:
    resolution:
      {
        integrity: sha512-1MQz1Ed8z2yckoBeSfkQHHO9K1yDRxxtotKSJ9yvcTUUxSvfvzEq5GwBrjjHEpMlq/k5gvXdmJ1SbYxWtpNoVg==,
      }
    engines: { node: '>=8' }

  object-hash@3.0.0:
    resolution:
      {
        integrity: sha512-RSn9F68PjH9HqtltsSnqYC1XXoWe9Bju5+213R98cNGttag9q9yAOTzdbsqvIa7aNm5WffBZFpWYr2aWrklWAw==,
      }
    engines: { node: '>= 6' }

  openai@4.4.0:
    resolution:
      {
        integrity: sha512-JN0t628Kh95T0IrXl0HdBqnlJg+4Vq0Bnh55tio+dfCnyzHvMLiWyCM9m726MAJD2YkDU4/8RQB6rNbEq9ct2w==,
      }
    hasBin: true

  openai@6.22.0:
    resolution:
      {
        integrity: sha512-7Yvy17F33Bi9RutWbsaYt5hJEEJ/krRPOrwan+f9aCPuMat1WVsb2VNSII5W1EksKT6fF69TG/xj4XzodK3JZw==,
      }
    hasBin: true
    peerDependencies:
      ws: ^8.18.0
      zod: ^3.25 || ^4.0
    peerDependenciesMeta:
      ws:
        optional: true
      zod:
        optional: true

  openapi-types@12.1.3:
    resolution:
      {
        integrity: sha512-N4YtSYJqghVu4iek2ZUvcN/0aqH1kRDuNqzcycDxhOUpg7GdvLa2F3DgS6yBNhInhv2r/6I0Flkn7CqL8+nIcw==,
      }

  p-finally@1.0.0:
    resolution:
      {
        integrity: sha512-LICb2p9CB7FS+0eR1oqWnHhp0FljGLZCWBE9aix0Uye9W8LTQPwMTYVGWQWIw9RdQiDg4+epXQODwIYJtSJaow==,
      }
    engines: { node: '>=4' }

  p-queue@6.6.2:
    resolution:
      {
        integrity: sha512-RwFpb72c/BhQLEXIZ5K2e+AhgNVmIejGlTgiB9MzZ0e93GRvqZ7uSi0dvRF7/XIXDeNkra2fNHBxTyPDGySpjQ==,
      }
    engines: { node: '>=8' }

  p-retry@4.6.2:
    resolution:
      {
        integrity: sha512-312Id396EbJdvRONlngUx0NydfrIQ5lsYu0znKVUzVvArzEIt08V1qhtyESbGVd1FGX7UKtiFp5uwKZdM8wIuQ==,
      }
    engines: { node: '>=8' }

  p-timeout@3.2.0:
    resolution:
      {
        integrity: sha512-rhIwUycgwwKcP9yTOOFK/AKsAopjjCakVqLHePO3CC6Mir1Z99xT+R63jZxAT5lFZLa2inS5h+ZS2GvR99/FBg==,
      }
    engines: { node: '>=8' }

  retry@0.13.1:
    resolution:
      {
        integrity: sha512-XQBQ3I8W1Cge0Seh+6gjj03LbmRFWuoszgK9ooCpwYIrhhoO80pfq4cUkU5DkknwfOfFteRwlZ56PYOGYyFWdg==,
      }
    engines: { node: '>= 4' }

  tr46@0.0.3:
    resolution:
      {
        integrity: sha512-N3WMsuqV66lT30CrXNbEjx4GEwlow3v6rr4mCcv6prnfwhS01rkgyFdjPNBYd9br7LpXV1+Emh01fHnq2Gdgrw==,
      }

  tslib@2.8.1:
    resolution:
      {
        integrity: sha512-oJFu94HQb+KVduSUQL7wnpmqnfmLsOA/nAh6b6EH0wCEoK0/mPeXU6c3wKDV83MkOuHPRHtSXKKU99IBazS/2w==,
      }

  undici-types@5.26.5:
    resolution:
      {
        integrity: sha512-JlCMO+ehdEIKqlFxk6IfVoAUVmgz7cU7zD/h9XZ0qzeosSHmUJVOzSQvvYSYWXkFXC+IfLKSIffhv0sVZup6pA==,
      }

  undici-types@7.16.0:
    resolution:
      {
        integrity: sha512-Zz+aZWSj8LE6zoxD+xrjh4VfkIG8Ya6LvYkZqtUQGJPZjYl53ypCaUwWqo7eI0x66KBGeRo+mlBEkMSeSZ38Nw==,
      }

  uuid@9.0.1:
    resolution:
      {
        integrity: sha512-b+1eJOlsR9K8HJpow9Ok3fiWOWSIcIzXodvv0rQjVoOVNpWMpxf1wZNpt4y9h10odCNrqnYp1OBzRktckBe3sA==,
      }
    hasBin: true

  web-streams-polyfill@3.3.3:
    resolution:
      {
        integrity: sha512-d2JWLCivmZYTSIoge9MsgFCZrt571BikcWGYkjC1khllbTeDlGqZ2D8vD8E/lJa8WGWbb7Plm8/XJYV7IJHZZw==,
      }
    engines: { node: '>= 8' }

  web-streams-polyfill@4.0.0-beta.3:
    resolution:
      {
        integrity: sha512-QW95TCTaHmsYfHDybGMwO5IJIM93I/6vTRk+daHTWFPhwh+C8Cg7j7XyKrwrj8Ib6vYXe0ocYNrmzY4xAAN6ug==,
      }
    engines: { node: '>= 14' }

  webidl-conversions@3.0.1:
    resolution:
      {
        integrity: sha512-2JAn3z8AR6rjK8Sm8orRC0h/bcl/DqL7tRPdGZ4I1CjdF+EaMLmYxBHyXuKL849eucPFhvBoxMsflfOb8kxaeQ==,
      }

  whatwg-url@5.0.0:
    resolution:
      {
        integrity: sha512-saE57nupxk6v3HY35+jzBwYa0rKSy0XR8JSxZPwgLr7ys0IBzhGviA1/TUGJLmSVqs8pb9AnvICXEuOHLprYTw==,
      }

  ws@8.19.0:
    resolution:
      {
        integrity: sha512-blAT2mjOEIi0ZzruJfIhb3nps74PRWTCz1IjglWEEpQl5XS/UNama6u2/rjFkDDouqr4L67ry+1aGIALViWjDg==,
      }
    engines: { node: '>=10.0.0' }
    peerDependencies:
      bufferutil: ^4.0.1
      utf-8-validate: '>=5.0.2'
    peerDependenciesMeta:
      bufferutil:
        optional: true
      utf-8-validate:
        optional: true

  yaml@2.8.2:
    resolution:
      {
        integrity: sha512-mplynKqc1C2hTVYxd0PU2xQAc22TI1vShAYGksCCfxbn/dFwnHTNi1bvYsBTkhdUNtGIf5xNOg938rrSSYvS9A==,
      }
    engines: { node: '>= 14.6' }
    hasBin: true

  zod-to-json-schema@3.25.1:
    resolution:
      {
        integrity: sha512-pM/SU9d3YAggzi6MtR4h7ruuQlqKtad8e9S0fmxcMi+ueAK5Korys/aWcV9LIIHTVbj01NdzxcnXSN+O74ZIVA==,
      }
    peerDependencies:
      zod: ^3.25 || ^4

  zod@3.25.76:
    resolution:
      {
        integrity: sha512-gzUt/qt81nXsFGKIFcC3YnfEAx5NkunCfnDlvuBSSFS02bcXu4Lmea0AFIUwbLWxWPx3d9p8S5QoaujKcNQxcQ==,
      }

snapshots:
  '@anthropic-ai/sdk@0.6.8':
    dependencies:
      '@types/node': 18.19.130
      '@types/node-fetch': 2.6.13
      abort-controller: 3.0.0
      agentkeepalive: 4.6.0
      digest-fetch: 1.3.0
      form-data-encoder: 1.7.2
      formdata-node: 4.4.1
      node-fetch: 2.7.0
      web-streams-polyfill: 3.3.3
    transitivePeerDependencies:
      - encoding

  '@supabase/auth-js@2.95.3':
    dependencies:
      tslib: 2.8.1

  '@supabase/functions-js@2.95.3':
    dependencies:
      tslib: 2.8.1

  '@supabase/postgrest-js@2.95.3':
    dependencies:
      tslib: 2.8.1

  '@supabase/realtime-js@2.95.3':
    dependencies:
      '@types/phoenix': 1.6.7
      '@types/ws': 8.18.1
      tslib: 2.8.1
      ws: 8.19.0
    transitivePeerDependencies:
      - bufferutil
      - utf-8-validate

  '@supabase/storage-js@2.95.3':
    dependencies:
      iceberg-js: 0.8.1
      tslib: 2.8.1

  '@supabase/supabase-js@2.95.3':
    dependencies:
      '@supabase/auth-js': 2.95.3
      '@supabase/functions-js': 2.95.3
      '@supabase/postgrest-js': 2.95.3
      '@supabase/realtime-js': 2.95.3
      '@supabase/storage-js': 2.95.3
    transitivePeerDependencies:
      - bufferutil
      - utf-8-validate

  '@types/node-fetch@2.6.13':
    dependencies:
      '@types/node': 25.2.3
      form-data: 4.0.5

  '@types/node@18.19.130':
    dependencies:
      undici-types: 5.26.5

  '@types/node@25.2.3':
    dependencies:
      undici-types: 7.16.0

  '@types/phoenix@1.6.7': {}

  '@types/retry@0.12.0': {}

  '@types/uuid@9.0.8': {}

  '@types/ws@8.18.1':
    dependencies:
      '@types/node': 25.2.3

  abort-controller@3.0.0:
    dependencies:
      event-target-shim: 5.0.1

  agentkeepalive@4.6.0:
    dependencies:
      humanize-ms: 1.2.1

  ansi-styles@5.2.0: {}

  argparse@2.0.1: {}

  asynckit@0.4.0: {}

  base-64@0.1.0: {}

  base64-js@1.5.1: {}

  binary-extensions@2.3.0: {}

  binary-search@1.3.6: {}

  call-bind-apply-helpers@1.0.2:
    dependencies:
      es-errors: 1.3.0
      function-bind: 1.1.2

  camelcase@6.3.0: {}

  charenc@0.0.2: {}

  combined-stream@1.0.8:
    dependencies:
      delayed-stream: 1.0.0

  commander@10.0.1: {}

  crypt@0.0.2: {}

  decamelize@1.2.0: {}

  delayed-stream@1.0.0: {}

  digest-fetch@1.3.0:
    dependencies:
      base-64: 0.1.0
      md5: 2.3.0

  dotenv@17.3.1: {}

  dunder-proto@1.0.1:
    dependencies:
      call-bind-apply-helpers: 1.0.2
      es-errors: 1.3.0
      gopd: 1.2.0

  es-define-property@1.0.1: {}

  es-errors@1.3.0: {}

  es-object-atoms@1.1.1:
    dependencies:
      es-errors: 1.3.0

  es-set-tostringtag@2.1.0:
    dependencies:
      es-errors: 1.3.0
      get-intrinsic: 1.3.0
      has-tostringtag: 1.0.2
      hasown: 2.0.2

  event-target-shim@5.0.1: {}

  eventemitter3@4.0.7: {}

  expr-eval@2.0.2: {}

  flat@5.0.2: {}

  form-data-encoder@1.7.2: {}

  form-data@4.0.5:
    dependencies:
      asynckit: 0.4.0
      combined-stream: 1.0.8
      es-set-tostringtag: 2.1.0
      hasown: 2.0.2
      mime-types: 2.1.35

  formdata-node@4.4.1:
    dependencies:
      node-domexception: 1.0.0
      web-streams-polyfill: 4.0.0-beta.3

  function-bind@1.1.2: {}

  get-intrinsic@1.3.0:
    dependencies:
      call-bind-apply-helpers: 1.0.2
      es-define-property: 1.0.1
      es-errors: 1.3.0
      es-object-atoms: 1.1.1
      function-bind: 1.1.2
      get-proto: 1.0.1
      gopd: 1.2.0
      has-symbols: 1.1.0
      hasown: 2.0.2
      math-intrinsics: 1.1.0

  get-proto@1.0.1:
    dependencies:
      dunder-proto: 1.0.1
      es-object-atoms: 1.1.1

  gopd@1.2.0: {}

  has-symbols@1.1.0: {}

  has-tostringtag@1.0.2:
    dependencies:
      has-symbols: 1.1.0

  hasown@2.0.2:
    dependencies:
      function-bind: 1.1.2

  humanize-ms@1.2.1:
    dependencies:
      ms: 2.1.3

  iceberg-js@0.8.1: {}

  is-any-array@2.0.1: {}

  is-buffer@1.1.6: {}

  js-tiktoken@1.0.21:
    dependencies:
      base64-js: 1.5.1

  js-yaml@4.1.1:
    dependencies:
      argparse: 2.0.1

  jsonpointer@5.0.1: {}

  langchain@0.0.167(@supabase/supabase-js@2.95.3):
    dependencies:
      '@anthropic-ai/sdk': 0.6.8
      ansi-styles: 5.2.0
      binary-extensions: 2.3.0
      camelcase: 6.3.0
      decamelize: 1.2.0
      expr-eval: 2.0.2
      flat: 5.0.2
      js-tiktoken: 1.0.21
      js-yaml: 4.1.1
      jsonpointer: 5.0.1
      langchainhub: 0.0.11
      langsmith: 0.0.70
      ml-distance: 4.0.1
      object-hash: 3.0.0
      openai: 4.4.0
      openapi-types: 12.1.3
      p-queue: 6.6.2
      p-retry: 4.6.2
      uuid: 9.0.1
      yaml: 2.8.2
      zod: 3.25.76
      zod-to-json-schema: 3.25.1(zod@3.25.76)
    optionalDependencies:
      '@supabase/supabase-js': 2.95.3
    transitivePeerDependencies:
      - encoding

  langchainhub@0.0.11: {}

  langsmith@0.0.70:
    dependencies:
      '@types/uuid': 9.0.8
      commander: 10.0.1
      p-queue: 6.6.2
      p-retry: 4.6.2
      uuid: 9.0.1

  math-intrinsics@1.1.0: {}

  md5@2.3.0:
    dependencies:
      charenc: 0.0.2
      crypt: 0.0.2
      is-buffer: 1.1.6

  mime-db@1.52.0: {}

  mime-types@2.1.35:
    dependencies:
      mime-db: 1.52.0

  ml-array-mean@1.1.6:
    dependencies:
      ml-array-sum: 1.1.6

  ml-array-sum@1.1.6:
    dependencies:
      is-any-array: 2.0.1

  ml-distance-euclidean@2.0.0: {}

  ml-distance@4.0.1:
    dependencies:
      ml-array-mean: 1.1.6
      ml-distance-euclidean: 2.0.0
      ml-tree-similarity: 1.0.0

  ml-tree-similarity@1.0.0:
    dependencies:
      binary-search: 1.3.6
      num-sort: 2.1.0

  ms@2.1.3: {}

  node-domexception@1.0.0: {}

  node-fetch@2.7.0:
    dependencies:
      whatwg-url: 5.0.0

  num-sort@2.1.0: {}

  object-hash@3.0.0: {}

  openai@4.4.0:
    dependencies:
      '@types/node': 18.19.130
      '@types/node-fetch': 2.6.13
      abort-controller: 3.0.0
      agentkeepalive: 4.6.0
      digest-fetch: 1.3.0
      form-data-encoder: 1.7.2
      formdata-node: 4.4.1
      node-fetch: 2.7.0
    transitivePeerDependencies:
      - encoding

  openai@6.22.0(ws@8.19.0)(zod@3.25.76):
    optionalDependencies:
      ws: 8.19.0
      zod: 3.25.76

  openapi-types@12.1.3: {}

  p-finally@1.0.0: {}

  p-queue@6.6.2:
    dependencies:
      eventemitter3: 4.0.7
      p-timeout: 3.2.0

  p-retry@4.6.2:
    dependencies:
      '@types/retry': 0.12.0
      retry: 0.13.1

  p-timeout@3.2.0:
    dependencies:
      p-finally: 1.0.0

  retry@0.13.1: {}

  tr46@0.0.3: {}

  tslib@2.8.1: {}

  undici-types@5.26.5: {}

  undici-types@7.16.0: {}

  uuid@9.0.1: {}

  web-streams-polyfill@3.3.3: {}

  web-streams-polyfill@4.0.0-beta.3: {}

  webidl-conversions@3.0.1: {}

  whatwg-url@5.0.0:
    dependencies:
      tr46: 0.0.3
      webidl-conversions: 3.0.1

  ws@8.19.0: {}

  yaml@2.8.2: {}

  zod-to-json-schema@3.25.1(zod@3.25.76):
    dependencies:
      zod: 3.25.76

  zod@3.25.76: {}
