{
  "name": "03-template-multiformat-config",
  "version": "1.0.0",
  "lockfileVersion": 3,
  "requires": true,
  "packages": {
    "": {
      "name": "03-template-multiformat-config",
      "version": "1.0.0",
      "dependencies": {
        "ini": "^5.0.0",
        "object-path": "^0.11.8"
      },
      "devDependencies": {
        "@types/ini": "^4.1.1",
        "@types/object-path": "^0.11.4"
      },
      "engines": {
        "node": ">=14"
      }
    },
    "node_modules/@types/ini": {
      "version": "4.1.1",
      "resolved": "https://registry.npmjs.org/@types/ini/-/ini-4.1.1.tgz",
      "integrity": "sha512-MIyNUZipBTbyUNnhvuXJTY7B6qNI78meck9Jbv3wk0OgNwRyOOVEKDutAkOs1snB/tx0FafyR6/SN4Ps0hZPeg==",
      "dev": true,
      "license": "MIT"
    },
    "node_modules/@types/object-path": {
      "version": "0.11.4",
      "resolved": "https://registry.npmjs.org/@types/object-path/-/object-path-0.11.4.tgz",
      "integrity": "sha512-4tgJ1Z3elF/tOMpA8JLVuR9spt9Ynsf7+JjqsQ2IqtiPJtcLoHoXcT6qU4E10cPFqyXX5HDm9QwIzZhBSkLxsw==",
      "dev": true,
      "license": "MIT"
    },
    "node_modules/ini": {
      "version": "5.0.0",
      "resolved": "https://registry.npmjs.org/ini/-/ini-5.0.0.tgz",
      "integrity": "sha512-+N0ngpO3e7cRUWOJAS7qw0IZIVc6XPrW4MlFBdD066F2L4k1L6ker3hLqSq7iXxU5tgS4WGkIUElWn5vogAEnw==",
      "license": "ISC",
      "engines": {
        "node": "^18.17.0 || >=20.5.0"
      }
    },
    "node_modules/object-path": {
      "version": "0.11.8",
      "resolved": "https://registry.npmjs.org/object-path/-/object-path-0.11.8.tgz",
      "integrity": "sha512-YJjNZrlXJFM42wTBn6zgOJVar9KFJvzx6sTWDte8sWZF//cnjl0BxHNpfZx+ZffXX63A9q0b1zsFiBX4g4X5KA==",
      "license": "MIT",
      "engines": {
        "node": ">= 10.12.0"
      }
    }
  }
}
